// !$*UTF8*$!
{
	archiveVersion = 1;
	classes = {
	};
	objectVersion = 52;
	objects = {

/* Begin PBXBuildFile section */
		094B759E261236E100875135 /* AppDelegate.swift in Sources */ = {isa = PBXBuildFile; fileRef = 094B759D261236E100875135 /* AppDelegate.swift */; };
		094B75A0261236E100875135 /* SceneDelegate.swift in Sources */ = {isa = PBXBuildFile; fileRef = 094B759F261236E100875135 /* SceneDelegate.swift */; };
		094B75A2261236E100875135 /* ViewController.swift in Sources */ = {isa = PBXBuildFile; fileRef = 094B75A1261236E100875135 /* ViewController.swift */; };
		094B75A5261236E100875135 /* Main.storyboard in Resources */ = {isa = PBXBuildFile; fileRef = 094B75A3261236E100875135 /* Main.storyboard */; };
		094B75A7261236E200875135 /* Assets.xcassets in Resources */ = {isa = PBXBuildFile; fileRef = 094B75A6261236E200875135 /* Assets.xcassets */; };
		094B75AA261236E200875135 /* LaunchScreen.storyboard in Resources */ = {isa = PBXBuildFile; fileRef = 094B75A8261236E200875135 /* LaunchScreen.storyboard */; };
		095CDC4D261B3B1C00C3E13E /* CalculatesSaveModel.xcdatamodeld in Sources */ = {isa = PBXBuildFile; fileRef = 095CDC4B261B3B1C00C3E13E /* CalculatesSaveModel.xcdatamodeld */; };
		0970D9A3261785DC006D3571 /* ring.wav in Resources */ = {isa = PBXBuildFile; fileRef = 0970D9A2261785DC006D3571 /* ring.wav */; };
		0970D9A626178C42006D3571 /* MyCustomClass.swift in Sources */ = {isa = PBXBuildFile; fileRef = 0970D9A526178C42006D3571 /* MyCustomClass.swift */; };
		0989F7E72613766800E67827 /* calculatorIcon.png in Resources */ = {isa = PBXBuildFile; fileRef = 0989F7E62613766800E67827 /* calculatorIcon.png */; };
		0989F7EB26138E8C00E67827 /* CalculatorUI.swift in Sources */ = {isa = PBXBuildFile; fileRef = 0989F7EA26138E8C00E67827 /* CalculatorUI.swift */; };
		0989F7EE261390F500E67827 /* Y 너만을 비춤체.ttf in Resources */ = {isa = PBXBuildFile; fileRef = 0989F7ED261390F500E67827 /* Y 너만을 비춤체.ttf */; };
		0989F7F12613A33F00E67827 /* CalculatorInitialize.swift in Sources */ = {isa = PBXBuildFile; fileRef = 0989F7F02613A33F00E67827 /* CalculatorInitialize.swift */; };
		09AA2B9926123C4F00D380BE /* GoogleMobileAds.xcframework in Frameworks */ = {isa = PBXBuildFile; fileRef = 09AA2B9326123C4D00D380BE /* GoogleMobileAds.xcframework */; };
		09AA2B9A26123C4F00D380BE /* nanopb.xcframework in Frameworks */ = {isa = PBXBuildFile; fileRef = 09AA2B9426123C4D00D380BE /* nanopb.xcframework */; };
		09AA2B9B26123C4F00D380BE /* PromisesObjC.xcframework in Frameworks */ = {isa = PBXBuildFile; fileRef = 09AA2B9526123C4D00D380BE /* PromisesObjC.xcframework */; };
		09AA2B9C26123C4F00D380BE /* GoogleUtilities.xcframework in Frameworks */ = {isa = PBXBuildFile; fileRef = 09AA2B9626123C4E00D380BE /* GoogleUtilities.xcframework */; };
		09AA2B9D26123C4F00D380BE /* UserMessagingPlatform.xcframework in Frameworks */ = {isa = PBXBuildFile; fileRef = 09AA2B9726123C4E00D380BE /* UserMessagingPlatform.xcframework */; };
		09AA2B9E26123C4F00D380BE /* GoogleAppMeasurement.xcframework in Frameworks */ = {isa = PBXBuildFile; fileRef = 09AA2B9826123C4F00D380BE /* GoogleAppMeasurement.xcframework */; };
		09AA2BA126123F7700D380BE /* RealMainViewController.storyboard in Resources */ = {isa = PBXBuildFile; fileRef = 09AA2BA026123F7700D380BE /* RealMainViewController.storyboard */; };
		09AA2BA426123F8A00D380BE /* RealMainViewController.swift in Sources */ = {isa = PBXBuildFile; fileRef = 09AA2BA326123F8A00D380BE /* RealMainViewController.swift */; };
		09AA2BA72612407100D380BE /* DeviceConfig.swift in Sources */ = {isa = PBXBuildFile; fileRef = 09AA2BA62612407100D380BE /* DeviceConfig.swift */; };
		09E25DD6261B60290090DB83 /* SideMenuNavigation.swift in Sources */ = {isa = PBXBuildFile; fileRef = 09E25DD5261B60290090DB83 /* SideMenuNavigation.swift */; };
		09EA0613261C3E02009D5570 /* CalculateModelData.swift in Sources */ = {isa = PBXBuildFile; fileRef = 09EA0612261C3E02009D5570 /* CalculateModelData.swift */; };
		09EA0623261C4698009D5570 /* Calculate+CoreDataClass.swift in Sources */ = {isa = PBXBuildFile; fileRef = 09EA0622261C4698009D5570 /* Calculate+CoreDataClass.swift */; };
		09EA0626261C469B009D5570 /* Calculate+CoreDataProperties.swift in Sources */ = {isa = PBXBuildFile; fileRef = 09EA0625261C469B009D5570 /* Calculate+CoreDataProperties.swift */; };
		D60F6F7F3ADBFC7192D75CCA /* Pods_SavingCalculator.framework in Frameworks */ = {isa = PBXBuildFile; fileRef = E489C941EF17C62B0F253A83 /* Pods_SavingCalculator.framework */; };
/* End PBXBuildFile section */

/* Begin PBXFileReference section */
		094B759A261236E100875135 /* SavingCalculator.app */ = {isa = PBXFileReference; explicitFileType = wrapper.application; includeInIndex = 0; path = SavingCalculator.app; sourceTree = BUILT_PRODUCTS_DIR; };
		094B759D261236E100875135 /* AppDelegate.swift */ = {isa = PBXFileReference; lastKnownFileType = sourcecode.swift; path = AppDelegate.swift; sourceTree = "<group>"; };
		094B759F261236E100875135 /* SceneDelegate.swift */ = {isa = PBXFileReference; lastKnownFileType = sourcecode.swift; path = SceneDelegate.swift; sourceTree = "<group>"; };
		094B75A1261236E100875135 /* ViewController.swift */ = {isa = PBXFileReference; lastKnownFileType = sourcecode.swift; path = ViewController.swift; sourceTree = "<group>"; };
		094B75A4261236E100875135 /* Base */ = {isa = PBXFileReference; lastKnownFileType = file.storyboard; name = Base; path = Base.lproj/Main.storyboard; sourceTree = "<group>"; };
		094B75A6261236E200875135 /* Assets.xcassets */ = {isa = PBXFileReference; lastKnownFileType = folder.assetcatalog; path = Assets.xcassets; sourceTree = "<group>"; };
		094B75A9261236E200875135 /* Base */ = {isa = PBXFileReference; lastKnownFileType = file.storyboard; name = Base; path = Base.lproj/LaunchScreen.storyboard; sourceTree = "<group>"; };
		094B75AB261236E200875135 /* Info.plist */ = {isa = PBXFileReference; lastKnownFileType = text.plist.xml; path = Info.plist; sourceTree = "<group>"; };
		095CDC4C261B3B1C00C3E13E /* CalculatesSaveModel.xcdatamodel */ = {isa = PBXFileReference; lastKnownFileType = wrapper.xcdatamodel; path = CalculatesSaveModel.xcdatamodel; sourceTree = "<group>"; };
		0970D9A2261785DC006D3571 /* ring.wav */ = {isa = PBXFileReference; lastKnownFileType = audio.wav; path = ring.wav; sourceTree = "<group>"; };
		0970D9A526178C42006D3571 /* MyCustomClass.swift */ = {isa = PBXFileReference; lastKnownFileType = sourcecode.swift; path = MyCustomClass.swift; sourceTree = "<group>"; };
		0989F7E62613766800E67827 /* calculatorIcon.png */ = {isa = PBXFileReference; lastKnownFileType = image.png; path = calculatorIcon.png; sourceTree = "<group>"; };
		0989F7EA26138E8C00E67827 /* CalculatorUI.swift */ = {isa = PBXFileReference; lastKnownFileType = sourcecode.swift; path = CalculatorUI.swift; sourceTree = "<group>"; };
		0989F7ED261390F500E67827 /* Y 너만을 비춤체.ttf */ = {isa = PBXFileReference; lastKnownFileType = file; path = "Y 너만을 비춤체.ttf"; sourceTree = "<group>"; };
		0989F7F02613A33F00E67827 /* CalculatorInitialize.swift */ = {isa = PBXFileReference; lastKnownFileType = sourcecode.swift; path = CalculatorInitialize.swift; sourceTree = "<group>"; };
		09AA2B9326123C4D00D380BE /* GoogleMobileAds.xcframework */ = {isa = PBXFileReference; lastKnownFileType = wrapper.xcframework; path = GoogleMobileAds.xcframework; sourceTree = "<group>"; };
		09AA2B9426123C4D00D380BE /* nanopb.xcframework */ = {isa = PBXFileReference; lastKnownFileType = wrapper.xcframework; path = nanopb.xcframework; sourceTree = "<group>"; };
		09AA2B9526123C4D00D380BE /* PromisesObjC.xcframework */ = {isa = PBXFileReference; lastKnownFileType = wrapper.xcframework; path = PromisesObjC.xcframework; sourceTree = "<group>"; };
		09AA2B9626123C4E00D380BE /* GoogleUtilities.xcframework */ = {isa = PBXFileReference; lastKnownFileType = wrapper.xcframework; path = GoogleUtilities.xcframework; sourceTree = "<group>"; };
		09AA2B9726123C4E00D380BE /* UserMessagingPlatform.xcframework */ = {isa = PBXFileReference; lastKnownFileType = wrapper.xcframework; path = UserMessagingPlatform.xcframework; sourceTree = "<group>"; };
		09AA2B9826123C4F00D380BE /* GoogleAppMeasurement.xcframework */ = {isa = PBXFileReference; lastKnownFileType = wrapper.xcframework; path = GoogleAppMeasurement.xcframework; sourceTree = "<group>"; };
		09AA2BA026123F7700D380BE /* RealMainViewController.storyboard */ = {isa = PBXFileReference; lastKnownFileType = file.storyboard; path = RealMainViewController.storyboard; sourceTree = "<group>"; };
		09AA2BA326123F8A00D380BE /* RealMainViewController.swift */ = {isa = PBXFileReference; lastKnownFileType = sourcecode.swift; path = RealMainViewController.swift; sourceTree = "<group>"; };
		09AA2BA62612407100D380BE /* DeviceConfig.swift */ = {isa = PBXFileReference; lastKnownFileType = sourcecode.swift; path = DeviceConfig.swift; sourceTree = "<group>"; };
		09E25DD5261B60290090DB83 /* SideMenuNavigation.swift */ = {isa = PBXFileReference; lastKnownFileType = sourcecode.swift; path = SideMenuNavigation.swift; sourceTree = "<group>"; };
		09EA0612261C3E02009D5570 /* CalculateModelData.swift */ = {isa = PBXFileReference; lastKnownFileType = sourcecode.swift; path = CalculateModelData.swift; sourceTree = "<group>"; };
		09EA0622261C4698009D5570 /* Calculate+CoreDataClass.swift */ = {isa = PBXFileReference; fileEncoding = 4; lastKnownFileType = sourcecode.swift; path = "Calculate+CoreDataClass.swift"; sourceTree = SOURCE_ROOT; };
		09EA0625261C469B009D5570 /* Calculate+CoreDataProperties.swift */ = {isa = PBXFileReference; lastKnownFileType = sourcecode.swift; name = "Calculate+CoreDataProperties.swift"; path = "../../Calculate+CoreDataProperties.swift"; sourceTree = "<group>"; };
		140D46E25CDF31422E97AB49 /* Pods-SavingCalculator.debug.xcconfig */ = {isa = PBXFileReference; includeInIndex = 1; lastKnownFileType = text.xcconfig; name = "Pods-SavingCalculator.debug.xcconfig"; path = "Target Support Files/Pods-SavingCalculator/Pods-SavingCalculator.debug.xcconfig"; sourceTree = "<group>"; };
		CEA0B943FC03178B28EA0E0C /* Pods-SavingCalculator.release.xcconfig */ = {isa = PBXFileReference; includeInIndex = 1; lastKnownFileType = text.xcconfig; name = "Pods-SavingCalculator.release.xcconfig"; path = "Target Support Files/Pods-SavingCalculator/Pods-SavingCalculator.release.xcconfig"; sourceTree = "<group>"; };
		E489C941EF17C62B0F253A83 /* Pods_SavingCalculator.framework */ = {isa = PBXFileReference; explicitFileType = wrapper.framework; includeInIndex = 0; path = Pods_SavingCalculator.framework; sourceTree = BUILT_PRODUCTS_DIR; };
/* End PBXFileReference section */

/* Begin PBXFrameworksBuildPhase section */
		094B7597261236E100875135 /* Frameworks */ = {
			isa = PBXFrameworksBuildPhase;
			buildActionMask = 2147483647;
			files = (
				09AA2B9B26123C4F00D380BE /* PromisesObjC.xcframework in Frameworks */,
				09AA2B9926123C4F00D380BE /* GoogleMobileAds.xcframework in Frameworks */,
				09AA2B9D26123C4F00D380BE /* UserMessagingPlatform.xcframework in Frameworks */,
				09AA2B9A26123C4F00D380BE /* nanopb.xcframework in Frameworks */,
				09AA2B9E26123C4F00D380BE /* GoogleAppMeasurement.xcframework in Frameworks */,
				09AA2B9C26123C4F00D380BE /* GoogleUtilities.xcframework in Frameworks */,
				D60F6F7F3ADBFC7192D75CCA /* Pods_SavingCalculator.framework in Frameworks */,
			);
			runOnlyForDeploymentPostprocessing = 0;
		};
/* End PBXFrameworksBuildPhase section */

/* Begin PBXGroup section */
		092E81C9261237EF00046B37 /* StoryBoards */ = {
			isa = PBXGroup;
			children = (
				094B75A3261236E100875135 /* Main.storyboard */,
				09AA2BA026123F7700D380BE /* RealMainViewController.storyboard */,
			);
			path = StoryBoards;
			sourceTree = "<group>";
		};
		092E81CA261237FD00046B37 /* ViewControllerClasses */ = {
			isa = PBXGroup;
			children = (
				094B75A1261236E100875135 /* ViewController.swift */,
				09AA2BA326123F8A00D380BE /* RealMainViewController.swift */,
				09E25DD5261B60290090DB83 /* SideMenuNavigation.swift */,
			);
			path = ViewControllerClasses;
			sourceTree = "<group>";
		};
		092E81CB2612381D00046B37 /* CustomClasses */ = {
			isa = PBXGroup;
			children = (
				09AA2BA62612407100D380BE /* DeviceConfig.swift */,
				0989F7EA26138E8C00E67827 /* CalculatorUI.swift */,
				0989F7F02613A33F00E67827 /* CalculatorInitialize.swift */,
				0970D9A526178C42006D3571 /* MyCustomClass.swift */,
				09EA0612261C3E02009D5570 /* CalculateModelData.swift */,
			);
			path = CustomClasses;
			sourceTree = "<group>";
		};
		094B7591261236E100875135 = {
			isa = PBXGroup;
			children = (
				094B759C261236E100875135 /* SavingCalculator */,
				094B759B261236E100875135 /* Products */,
				557CA5E078C94772496477B7 /* Pods */,
				C6F5D58CA513E2CC8461E845 /* Frameworks */,
			);
			sourceTree = "<group>";
		};
		094B759B261236E100875135 /* Products */ = {
			isa = PBXGroup;
			children = (
				094B759A261236E100875135 /* SavingCalculator.app */,
			);
			name = Products;
			sourceTree = "<group>";
		};
		094B759C261236E100875135 /* SavingCalculator */ = {
			isa = PBXGroup;
			children = (
				09EA0620261C4294009D5570 /* Calculate_CoreData */,
				0989F7E52613765B00E67827 /* Datas */,
				09AA2B9226123C2100D380BE /* Frameworks */,
				092E81CB2612381D00046B37 /* CustomClasses */,
				092E81CA261237FD00046B37 /* ViewControllerClasses */,
				092E81C9261237EF00046B37 /* StoryBoards */,
				094B759D261236E100875135 /* AppDelegate.swift */,
				094B759F261236E100875135 /* SceneDelegate.swift */,
				094B75A6261236E200875135 /* Assets.xcassets */,
				094B75A8261236E200875135 /* LaunchScreen.storyboard */,
				094B75AB261236E200875135 /* Info.plist */,
				095CDC4B261B3B1C00C3E13E /* CalculatesSaveModel.xcdatamodeld */,
			);
			path = SavingCalculator;
			sourceTree = "<group>";
		};
		0989F7E52613765B00E67827 /* Datas */ = {
			isa = PBXGroup;
			children = (
				0970D9A2261785DC006D3571 /* ring.wav */,
				0989F7ED261390F500E67827 /* Y 너만을 비춤체.ttf */,
				0989F7E62613766800E67827 /* calculatorIcon.png */,
			);
			path = Datas;
			sourceTree = "<group>";
		};
		09AA2B9226123C2100D380BE /* Frameworks */ = {
			isa = PBXGroup;
			children = (
				09AA2B9826123C4F00D380BE /* GoogleAppMeasurement.xcframework */,
				09AA2B9326123C4D00D380BE /* GoogleMobileAds.xcframework */,
				09AA2B9626123C4E00D380BE /* GoogleUtilities.xcframework */,
				09AA2B9426123C4D00D380BE /* nanopb.xcframework */,
				09AA2B9526123C4D00D380BE /* PromisesObjC.xcframework */,
				09AA2B9726123C4E00D380BE /* UserMessagingPlatform.xcframework */,
			);
			path = Frameworks;
			sourceTree = "<group>";
		};
		09EA0620261C4294009D5570 /* Calculate_CoreData */ = {
			isa = PBXGroup;
			children = (
				09EA0625261C469B009D5570 /* Calculate+CoreDataProperties.swift */,
				09EA0622261C4698009D5570 /* Calculate+CoreDataClass.swift */,
			);
			path = Calculate_CoreData;
			sourceTree = "<group>";
		};
		557CA5E078C94772496477B7 /* Pods */ = {
			isa = PBXGroup;
			children = (
				140D46E25CDF31422E97AB49 /* Pods-SavingCalculator.debug.xcconfig */,
				CEA0B943FC03178B28EA0E0C /* Pods-SavingCalculator.release.xcconfig */,
			);
			path = Pods;
			sourceTree = "<group>";
		};
		C6F5D58CA513E2CC8461E845 /* Frameworks */ = {
			isa = PBXGroup;
			children = (
				E489C941EF17C62B0F253A83 /* Pods_SavingCalculator.framework */,
			);
			name = Frameworks;
			sourceTree = "<group>";
		};
/* End PBXGroup section */

/* Begin PBXNativeTarget section */
		094B7599261236E100875135 /* SavingCalculator */ = {
			isa = PBXNativeTarget;
			buildConfigurationList = 094B75AE261236E200875135 /* Build configuration list for PBXNativeTarget "SavingCalculator" */;
			buildPhases = (
				DA3654898E33562699ECBF29 /* [CP] Check Pods Manifest.lock */,
				094B7596261236E100875135 /* Sources */,
				094B7597261236E100875135 /* Frameworks */,
				094B7598261236E100875135 /* Resources */,
				D6B89CD4784E69F653BB3543 /* [CP] Embed Pods Frameworks */,
			);
			buildRules = (
			);
			dependencies = (
			);
			name = SavingCalculator;
			productName = SavingCalculator;
			productReference = 094B759A261236E100875135 /* SavingCalculator.app */;
			productType = "com.apple.product-type.application";
		};
/* End PBXNativeTarget section */

/* Begin PBXProject section */
		094B7592261236E100875135 /* Project object */ = {
			isa = PBXProject;
			attributes = {
				LastSwiftUpdateCheck = 1240;
				LastUpgradeCheck = 1240;
				TargetAttributes = {
					094B7599261236E100875135 = {
						CreatedOnToolsVersion = 12.4;
					};
				};
			};
			buildConfigurationList = 094B7595261236E100875135 /* Build configuration list for PBXProject "SavingCalculator" */;
			compatibilityVersion = "Xcode 9.3";
			developmentRegion = en;
			hasScannedForEncodings = 0;
			knownRegions = (
				en,
				Base,
			);
			mainGroup = 094B7591261236E100875135;
			productRefGroup = 094B759B261236E100875135 /* Products */;
			projectDirPath = "";
			projectRoot = "";
			targets = (
				094B7599261236E100875135 /* SavingCalculator */,
			);
		};
/* End PBXProject section */

/* Begin PBXResourcesBuildPhase section */
		094B7598261236E100875135 /* Resources */ = {
			isa = PBXResourcesBuildPhase;
			buildActionMask = 2147483647;
			files = (
				0989F7EE261390F500E67827 /* Y 너만을 비춤체.ttf in Resources */,
				0970D9A3261785DC006D3571 /* ring.wav in Resources */,
				09AA2BA126123F7700D380BE /* RealMainViewController.storyboard in Resources */,
				094B75AA261236E200875135 /* LaunchScreen.storyboard in Resources */,
				094B75A7261236E200875135 /* Assets.xcassets in Resources */,
				094B75A5261236E100875135 /* Main.storyboard in Resources */,
				0989F7E72613766800E67827 /* calculatorIcon.png in Resources */,
			);
			runOnlyForDeploymentPostprocessing = 0;
		};
/* End PBXResourcesBuildPhase section */

/* Begin PBXShellScriptBuildPhase section */
		D6B89CD4784E69F653BB3543 /* [CP] Embed Pods Frameworks */ = {
			isa = PBXShellScriptBuildPhase;
			buildActionMask = 2147483647;
			files = (
			);
			inputFileListPaths = (
				"${PODS_ROOT}/Target Support Files/Pods-SavingCalculator/Pods-SavingCalculator-frameworks-${CONFIGURATION}-input-files.xcfilelist",
			);
			name = "[CP] Embed Pods Frameworks";
			outputFileListPaths = (
				"${PODS_ROOT}/Target Support Files/Pods-SavingCalculator/Pods-SavingCalculator-frameworks-${CONFIGURATION}-output-files.xcfilelist",
			);
			runOnlyForDeploymentPostprocessing = 0;
			shellPath = /bin/sh;
			shellScript = "\"${PODS_ROOT}/Target Support Files/Pods-SavingCalculator/Pods-SavingCalculator-frameworks.sh\"\n";
			showEnvVarsInLog = 0;
		};
		DA3654898E33562699ECBF29 /* [CP] Check Pods Manifest.lock */ = {
			isa = PBXShellScriptBuildPhase;
			buildActionMask = 2147483647;
			files = (
			);
			inputFileListPaths = (
			);
			inputPaths = (
				"${PODS_PODFILE_DIR_PATH}/Podfile.lock",
				"${PODS_ROOT}/Manifest.lock",
			);
			name = "[CP] Check Pods Manifest.lock";
			outputFileListPaths = (
			);
			outputPaths = (
				"$(DERIVED_FILE_DIR)/Pods-SavingCalculator-checkManifestLockResult.txt",
			);
			runOnlyForDeploymentPostprocessing = 0;
			shellPath = /bin/sh;
			shellScript = "diff \"${PODS_PODFILE_DIR_PATH}/Podfile.lock\" \"${PODS_ROOT}/Manifest.lock\" > /dev/null\nif [ $? != 0 ] ; then\n    # print error to STDERR\n    echo \"error: The sandbox is not in sync with the Podfile.lock. Run 'pod install' or update your CocoaPods installation.\" >&2\n    exit 1\nfi\n# This output is used by Xcode 'outputs' to avoid re-running this script phase.\necho \"SUCCESS\" > \"${SCRIPT_OUTPUT_FILE_0}\"\n";
			showEnvVarsInLog = 0;
		};
/* End PBXShellScriptBuildPhase section */

/* Begin PBXSourcesBuildPhase section */
		094B7596261236E100875135 /* Sources */ = {
			isa = PBXSourcesBuildPhase;
			buildActionMask = 2147483647;
			files = (
				09EA0626261C469B009D5570 /* Calculate+CoreDataProperties.swift in Sources */,
				094B75A2261236E100875135 /* ViewController.swift in Sources */,
				09E25DD6261B60290090DB83 /* SideMenuNavigation.swift in Sources */,
				09AA2BA72612407100D380BE /* DeviceConfig.swift in Sources */,
				094B759E261236E100875135 /* AppDelegate.swift in Sources */,
				0989F7F12613A33F00E67827 /* CalculatorInitialize.swift in Sources */,
				0989F7EB26138E8C00E67827 /* CalculatorUI.swift in Sources */,
				09EA0623261C4698009D5570 /* Calculate+CoreDataClass.swift in Sources */,
				0970D9A626178C42006D3571 /* MyCustomClass.swift in Sources */,
				094B75A0261236E100875135 /* SceneDelegate.swift in Sources */,
				09AA2BA426123F8A00D380BE /* RealMainViewController.swift in Sources */,
				09EA0613261C3E02009D5570 /* CalculateModelData.swift in Sources */,
				095CDC4D261B3B1C00C3E13E /* CalculatesSaveModel.xcdatamodeld in Sources */,
			);
			runOnlyForDeploymentPostprocessing = 0;
		};
/* End PBXSourcesBuildPhase section */

/* Begin PBXVariantGroup section */
		094B75A3261236E100875135 /* Main.storyboard */ = {
			isa = PBXVariantGroup;
			children = (
				094B75A4261236E100875135 /* Base */,
			);
			name = Main.storyboard;
			sourceTree = "<group>";
		};
		094B75A8261236E200875135 /* LaunchScreen.storyboard */ = {
			isa = PBXVariantGroup;
			children = (
				094B75A9261236E200875135 /* Base */,
			);
			name = LaunchScreen.storyboard;
			sourceTree = "<group>";
		};
/* End PBXVariantGroup section */

/* Begin XCBuildConfiguration section */
		094B75AC261236E200875135 /* Debug */ = {
			isa = XCBuildConfiguration;
			buildSettings = {
				ALWAYS_SEARCH_USER_PATHS = NO;
				CLANG_ANALYZER_NONNULL = YES;
				CLANG_ANALYZER_NUMBER_OBJECT_CONVERSION = YES_AGGRESSIVE;
				CLANG_CXX_LANGUAGE_STANDARD = "gnu++14";
				CLANG_CXX_LIBRARY = "libc++";
				CLANG_ENABLE_MODULES = YES;
				CLANG_ENABLE_OBJC_ARC = YES;
				CLANG_ENABLE_OBJC_WEAK = YES;
				CLANG_WARN_BLOCK_CAPTURE_AUTORELEASING = YES;
				CLANG_WARN_BOOL_CONVERSION = YES;
				CLANG_WARN_COMMA = YES;
				CLANG_WARN_CONSTANT_CONVERSION = YES;
				CLANG_WARN_DEPRECATED_OBJC_IMPLEMENTATIONS = YES;
				CLANG_WARN_DIRECT_OBJC_ISA_USAGE = YES_ERROR;
				CLANG_WARN_DOCUMENTATION_COMMENTS = YES;
				CLANG_WARN_EMPTY_BODY = YES;
				CLANG_WARN_ENUM_CONVERSION = YES;
				CLANG_WARN_INFINITE_RECURSION = YES;
				CLANG_WARN_INT_CONVERSION = YES;
				CLANG_WARN_NON_LITERAL_NULL_CONVERSION = YES;
				CLANG_WARN_OBJC_IMPLICIT_RETAIN_SELF = YES;
				CLANG_WARN_OBJC_LITERAL_CONVERSION = YES;
				CLANG_WARN_OBJC_ROOT_CLASS = YES_ERROR;
				CLANG_WARN_QUOTED_INCLUDE_IN_FRAMEWORK_HEADER = YES;
				CLANG_WARN_RANGE_LOOP_ANALYSIS = YES;
				CLANG_WARN_STRICT_PROTOTYPES = YES;
				CLANG_WARN_SUSPICIOUS_MOVE = YES;
				CLANG_WARN_UNGUARDED_AVAILABILITY = YES_AGGRESSIVE;
				CLANG_WARN_UNREACHABLE_CODE = YES;
				CLANG_WARN__DUPLICATE_METHOD_MATCH = YES;
				COPY_PHASE_STRIP = NO;
				DEBUG_INFORMATION_FORMAT = dwarf;
				ENABLE_STRICT_OBJC_MSGSEND = YES;
				ENABLE_TESTABILITY = YES;
				GCC_C_LANGUAGE_STANDARD = gnu11;
				GCC_DYNAMIC_NO_PIC = NO;
				GCC_NO_COMMON_BLOCKS = YES;
				GCC_OPTIMIZATION_LEVEL = 0;
				GCC_PREPROCESSOR_DEFINITIONS = (
					"DEBUG=1",
					"$(inherited)",
				);
				GCC_WARN_64_TO_32_BIT_CONVERSION = YES;
				GCC_WARN_ABOUT_RETURN_TYPE = YES_ERROR;
				GCC_WARN_UNDECLARED_SELECTOR = YES;
				GCC_WARN_UNINITIALIZED_AUTOS = YES_AGGRESSIVE;
				GCC_WARN_UNUSED_FUNCTION = YES;
				GCC_WARN_UNUSED_VARIABLE = YES;
				IPHONEOS_DEPLOYMENT_TARGET = 14.4;
				MTL_ENABLE_DEBUG_INFO = INCLUDE_SOURCE;
				MTL_FAST_MATH = YES;
				ONLY_ACTIVE_ARCH = YES;
				SDKROOT = iphoneos;
				SWIFT_ACTIVE_COMPILATION_CONDITIONS = DEBUG;
				SWIFT_OPTIMIZATION_LEVEL = "-Onone";
			};
			name = Debug;
		};
		094B75AD261236E200875135 /* Release */ = {
			isa = XCBuildConfiguration;
			buildSettings = {
				ALWAYS_SEARCH_USER_PATHS = NO;
				CLANG_ANALYZER_NONNULL = YES;
				CLANG_ANALYZER_NUMBER_OBJECT_CONVERSION = YES_AGGRESSIVE;
				CLANG_CXX_LANGUAGE_STANDARD = "gnu++14";
				CLANG_CXX_LIBRARY = "libc++";
				CLANG_ENABLE_MODULES = YES;
				CLANG_ENABLE_OBJC_ARC = YES;
				CLANG_ENABLE_OBJC_WEAK = YES;
				CLANG_WARN_BLOCK_CAPTURE_AUTORELEASING = YES;
				CLANG_WARN_BOOL_CONVERSION = YES;
				CLANG_WARN_COMMA = YES;
				CLANG_WARN_CONSTANT_CONVERSION = YES;
				CLANG_WARN_DEPRECATED_OBJC_IMPLEMENTATIONS = YES;
				CLANG_WARN_DIRECT_OBJC_ISA_USAGE = YES_ERROR;
				CLANG_WARN_DOCUMENTATION_COMMENTS = YES;
				CLANG_WARN_EMPTY_BODY = YES;
				CLANG_WARN_ENUM_CONVERSION = YES;
				CLANG_WARN_INFINITE_RECURSION = YES;
				CLANG_WARN_INT_CONVERSION = YES;
				CLANG_WARN_NON_LITERAL_NULL_CONVERSION = YES;
				CLANG_WARN_OBJC_IMPLICIT_RETAIN_SELF = YES;
				CLANG_WARN_OBJC_LITERAL_CONVERSION = YES;
				CLANG_WARN_OBJC_ROOT_CLASS = YES_ERROR;
				CLANG_WARN_QUOTED_INCLUDE_IN_FRAMEWORK_HEADER = YES;
				CLANG_WARN_RANGE_LOOP_ANALYSIS = YES;
				CLANG_WARN_STRICT_PROTOTYPES = YES;
				CLANG_WARN_SUSPICIOUS_MOVE = YES;
				CLANG_WARN_UNGUARDED_AVAILABILITY = YES_AGGRESSIVE;
				CLANG_WARN_UNREACHABLE_CODE = YES;
				CLANG_WARN__DUPLICATE_METHOD_MATCH = YES;
				COPY_PHASE_STRIP = NO;
				DEBUG_INFORMATION_FORMAT = "dwarf-with-dsym";
				ENABLE_NS_ASSERTIONS = NO;
				ENABLE_STRICT_OBJC_MSGSEND = YES;
				GCC_C_LANGUAGE_STANDARD = gnu11;
				GCC_NO_COMMON_BLOCKS = YES;
				GCC_WARN_64_TO_32_BIT_CONVERSION = YES;
				GCC_WARN_ABOUT_RETURN_TYPE = YES_ERROR;
				GCC_WARN_UNDECLARED_SELECTOR = YES;
				GCC_WARN_UNINITIALIZED_AUTOS = YES_AGGRESSIVE;
				GCC_WARN_UNUSED_FUNCTION = YES;
				GCC_WARN_UNUSED_VARIABLE = YES;
				IPHONEOS_DEPLOYMENT_TARGET = 14.4;
				MTL_ENABLE_DEBUG_INFO = NO;
				MTL_FAST_MATH = YES;
				SDKROOT = iphoneos;
				SWIFT_COMPILATION_MODE = wholemodule;
				SWIFT_OPTIMIZATION_LEVEL = "-O";
				VALIDATE_PRODUCT = YES;
			};
			name = Release;
		};
		094B75AF261236E200875135 /* Debug */ = {
			isa = XCBuildConfiguration;
			baseConfigurationReference = 140D46E25CDF31422E97AB49 /* Pods-SavingCalculator.debug.xcconfig */;
			buildSettings = {
				ASSETCATALOG_COMPILER_APPICON_NAME = AppIcon;
				ASSETCATALOG_COMPILER_GLOBAL_ACCENT_COLOR_NAME = AccentColor;
				CODE_SIGN_STYLE = Automatic;
				DEVELOPMENT_TEAM = 4YC8JDXYY6;
				INFOPLIST_FILE = SavingCalculator/Info.plist;
				LD_RUNPATH_SEARCH_PATHS = (
					"$(inherited)",
					"@executable_path/Frameworks",
				);
				OTHER_LDFLAGS = "-ObjC";
				PRODUCT_BUNDLE_IDENTIFIER = com.chocochoco.savingcalculator;
				PRODUCT_NAME = "$(TARGET_NAME)";
				SWIFT_VERSION = 5.0;
				TARGETED_DEVICE_FAMILY = "1,2";
			};
			name = Debug;
		};
		094B75B0261236E200875135 /* Release */ = {
			isa = XCBuildConfiguration;
			baseConfigurationReference = CEA0B943FC03178B28EA0E0C /* Pods-SavingCalculator.release.xcconfig */;
			buildSettings = {
				ASSETCATALOG_COMPILER_APPICON_NAME = AppIcon;
				ASSETCATALOG_COMPILER_GLOBAL_ACCENT_COLOR_NAME = AccentColor;
				CODE_SIGN_STYLE = Automatic;
				DEVELOPMENT_TEAM = 4YC8JDXYY6;
				INFOPLIST_FILE = SavingCalculator/Info.plist;
				LD_RUNPATH_SEARCH_PATHS = (
					"$(inherited)",
					"@executable_path/Frameworks",
				);
				OTHER_LDFLAGS = "-ObjC";
				PRODUCT_BUNDLE_IDENTIFIER = com.chocochoco.savingcalculator;
				PRODUCT_NAME = "$(TARGET_NAME)";
				SWIFT_VERSION = 5.0;
				TARGETED_DEVICE_FAMILY = "1,2";
			};
			name = Release;
		};
/* End XCBuildConfiguration section */

/* Begin XCConfigurationList section */
		094B7595261236E100875135 /* Build configuration list for PBXProject "SavingCalculator" */ = {
			isa = XCConfigurationList;
			buildConfigurations = (
				094B75AC261236E200875135 /* Debug */,
				094B75AD261236E200875135 /* Release */,
			);
			defaultConfigurationIsVisible = 0;
			defaultConfigurationName = Release;
		};
		094B75AE261236E200875135 /* Build configuration list for PBXNativeTarget "SavingCalculator" */ = {
			isa = XCConfigurationList;
			buildConfigurations = (
				094B75AF261236E200875135 /* Debug */,
				094B75B0261236E200875135 /* Release */,
			);
			defaultConfigurationIsVisible = 0;
			defaultConfigurationName = Release;
		};
/* End XCConfigurationList section */

/* Begin XCVersionGroup section */
		095CDC4B261B3B1C00C3E13E /* CalculatesSaveModel.xcdatamodeld */ = {
			isa = XCVersionGroup;
			children = (
				095CDC4C261B3B1C00C3E13E /* CalculatesSaveModel.xcdatamodel */,
			);
			currentVersion = 095CDC4C261B3B1C00C3E13E /* CalculatesSaveModel.xcdatamodel */;
			path = CalculatesSaveModel.xcdatamodeld;
			sourceTree = "<group>";
			versionGroupType = wrapper.xcdatamodel;
		};
/* End XCVersionGroup section */
	};
	rootObject = 094B7592261236E100875135 /* Project object */;
}
